
Microsoft Visual Studio Solution File, Format Version 12.00
# Visual Studio Version 16
VisualStudioVersion = 16.0.30611.23
MinimumVisualStudioVersion = 10.0.40219.1
Project("{FAE04EC0-301F-11D3-BF4B-00C04F79EFBC}") = "SimFarm", "SimFarm\SimFarm.csproj", "{030B6007-4947-4C59-80EB-B721276E50A6}"
EndProject
Project("{FAE04EC0-301F-11D3-BF4B-00C04F79EFBC}") = "Controllers", "Controllers\Controllers.csproj", "{257D6104-7E38-4E21-87FE-9F174E854094}"
EndProject
Project("{FAE04EC0-301F-11D3-BF4B-00C04F79EFBC}") = "Models", "Models\Models.csproj", "{0BA79C03-28C1-48E2-9284-A71AB00183B9}"
EndProject
Global
	GlobalSection(SolutionConfigurationPlatforms) = preSolution
		Debug|Any CPU = Debug|Any CPU
		Release|Any CPU = Release|Any CPU
	EndGlobalSection
	GlobalSection(ProjectConfigurationPlatforms) = postSolution
		{030B6007-4947-4C59-80EB-B721276E50A6}.Debug|Any CPU.ActiveCfg = Debug|Any CPU
		{030B6007-4947-4C59-80EB-B721276E50A6}.Debug|Any CPU.Build.0 = Debug|Any CPU
		{030B6007-4947-4C59-80EB-B721276E50A6}.Release|Any CPU.ActiveCfg = Release|Any CPU
		{030B6007-4947-4C59-80EB-B721276E50A6}.Release|Any CPU.Build.0 = Release|Any CPU
		{257D6104-7E38-4E21-87FE-9F174E854094}.Debug|Any CPU.ActiveCfg = Debug|Any CPU
		{257D6104-7E38-4E21-87FE-9F174E854094}.Debug|Any CPU.Build.0 = Debug|Any CPU
		{257D6104-7E38-4E21-87FE-9F174E854094}.Release|Any CPU.ActiveCfg = Release|Any CPU
		{257D6104-7E38-4E21-87FE-9F174E854094}.Release|Any CPU.Build.0 = Release|Any CPU
		{0BA79C03-28C1-48E2-9284-A71AB00183B9}.Debug|Any CPU.ActiveCfg = Debug|Any CPU
		{0BA79C03-28C1-48E2-9284-A71AB00183B9}.Debug|Any CPU.Build.0 = Debug|Any CPU
		{0BA79C03-28C1-48E2-9284-A71AB00183B9}.Release|Any CPU.ActiveCfg = Release|Any CPU
		{0BA79C03-28C1-48E2-9284-A71AB00183B9}.Release|Any CPU.Build.0 = Release|Any CPU
	EndGlobalSection
	GlobalSection(SolutionProperties) = preSolution
		HideSolutionNode = FALSE
	EndGlobalSection
	GlobalSection(ExtensibilityGlobals) = postSolution
		SolutionGuid = {C32A99B9-5522-4072-96C2-851AA3742B68}
	EndGlobalSection
EndGlobal
